
Microsoft Visual Studio Solution File, Format Version 12.00
# Visual Studio Version 17
VisualStudioVersion = 17.12.35527.113 d17.12
MinimumVisualStudioVersion = 10.0.40219.1
Project("{FAE04EC0-301F-11D3-BF4B-00C04F79EFBC}") = "Habit_Tracker", "Habit_Tracker.csproj", "{8A0178DC-E2C8-4272-8B6A-F74A5D6566CB}"
EndProject
Global
	GlobalSection(SolutionConfigurationPlatforms) = preSolution
		Debug|Any CPU = Debug|Any CPU
		Release|Any CPU = Release|Any CPU
	EndGlobalSection
	GlobalSection(ProjectConfigurationPlatforms) = postSolution
		{8A0178DC-E2C8-4272-8B6A-F74A5D6566CB}.Debug|Any CPU.ActiveCfg = Debug|Any CPU
		{8A0178DC-E2C8-4272-8B6A-F74A5D6566CB}.Debug|Any CPU.Build.0 = Debug|Any CPU
		{8A0178DC-E2C8-4272-8B6A-F74A5D6566CB}.Release|Any CPU.ActiveCfg = Release|Any CPU
		{8A0178DC-E2C8-4272-8B6A-F74A5D6566CB}.Release|Any CPU.Build.0 = Release|Any CPU
	EndGlobalSection
	GlobalSection(SolutionProperties) = preSolution
		HideSolutionNode = FALSE
	EndGlobalSection
EndGlobal
